PODS:
  - LWXDetailController (0.1.1):
    - Masonry
    - ReactiveObjC (~> 2.1.0)
    - YPTabBarController
  - Masonry (1.1.0)
  - ReactiveObjC (2.1.2)
  - YPTabBarController (2.4.5)

DEPENDENCIES:
  - LWXDetailController (from `../`)

EXTERNAL SOURCES:
  LWXDetailController:
    :path: ../

SPEC CHECKSUMS:
  LWXDetailController: 768dc7ee1eab8d47b475089632311835dd19cc3d
  Masonry: 678fab65091a9290e40e2832a55e7ab731aad201
  ReactiveObjC: 7b6782ae39f9ac0f57205c3b0c0b69b9dd7048c0
  YPTabBarController: 4b96499194722e4eaf157325a982466ba191c4ca

PODFILE CHECKSUM: c101b9a42526c4ccdb5b6014de7c1a645a8fc857

COCOAPODS: 1.2.1
